
Microsoft Visual Studio Solution File, Format Version 12.00
# Visual Studio Version 16
VisualStudioVersion = 16.0.29613.14
MinimumVisualStudioVersion = 10.0.40219.1
Project("{FAE04EC0-301F-11D3-BF4B-00C04F79EFBC}") = "Operations", "Operations\Operations.csproj", "{AFAC8086-E30C-4998-946B-1AF10B2B91A0}"
EndProject
Project("{FAE04EC0-301F-11D3-BF4B-00C04F79EFBC}") = "OperationsTests", "OperationsTests\OperationsTests.csproj", "{0F2E38FD-8D16-4BA1-8AB6-F541DBFA273D}"
EndProject
Global
	GlobalSection(SolutionConfigurationPlatforms) = preSolution
		Debug|Any CPU = Debug|Any CPU
		Release|Any CPU = Release|Any CPU
	EndGlobalSection
	GlobalSection(ProjectConfigurationPlatforms) = postSolution
		{AFAC8086-E30C-4998-946B-1AF10B2B91A0}.Debug|Any CPU.ActiveCfg = Debug|Any CPU
		{AFAC8086-E30C-4998-946B-1AF10B2B91A0}.Debug|Any CPU.Build.0 = Debug|Any CPU
		{AFAC8086-E30C-4998-946B-1AF10B2B91A0}.Release|Any CPU.ActiveCfg = Release|Any CPU
		{AFAC8086-E30C-4998-946B-1AF10B2B91A0}.Release|Any CPU.Build.0 = Release|Any CPU
		{0F2E38FD-8D16-4BA1-8AB6-F541DBFA273D}.Debug|Any CPU.ActiveCfg = Debug|Any CPU
		{0F2E38FD-8D16-4BA1-8AB6-F541DBFA273D}.Debug|Any CPU.Build.0 = Debug|Any CPU
		{0F2E38FD-8D16-4BA1-8AB6-F541DBFA273D}.Release|Any CPU.ActiveCfg = Release|Any CPU
		{0F2E38FD-8D16-4BA1-8AB6-F541DBFA273D}.Release|Any CPU.Build.0 = Release|Any CPU
	EndGlobalSection
	GlobalSection(SolutionProperties) = preSolution
		HideSolutionNode = FALSE
	EndGlobalSection
	GlobalSection(ExtensibilityGlobals) = postSolution
		SolutionGuid = {BE36B5C3-7687-4BC4-A52C-F8D2ED45A564}
	EndGlobalSection
EndGlobal
